
Microsoft Visual Studio Solution File, Format Version 12.00
# Visual Studio Version 17
VisualStudioVersion = 17.2.32602.215
MinimumVisualStudioVersion = 10.0.40219.1
Project("{8BC9CEB8-8B4A-11D0-8D11-00A0C91BC942}") = "robot", "robot\robot.vcxproj", "{BB19C8F0-EE20-4FC0-A5CB-5FED8F0D2F11}"
EndProject
Global
	GlobalSection(SolutionConfigurationPlatforms) = preSolution
		Debug|x64 = Debug|x64
		Debug|x86 = Debug|x86
		Release|x64 = Release|x64
		Release|x86 = Release|x86
	EndGlobalSection
	GlobalSection(ProjectConfigurationPlatforms) = postSolution
		{BB19C8F0-EE20-4FC0-A5CB-5FED8F0D2F11}.Debug|x64.ActiveCfg = Debug|x64
		{BB19C8F0-EE20-4FC0-A5CB-5FED8F0D2F11}.Debug|x64.Build.0 = Debug|x64
		{BB19C8F0-EE20-4FC0-A5CB-5FED8F0D2F11}.Debug|x86.ActiveCfg = Debug|Win32
		{BB19C8F0-EE20-4FC0-A5CB-5FED8F0D2F11}.Debug|x86.Build.0 = Debug|Win32
		{BB19C8F0-EE20-4FC0-A5CB-5FED8F0D2F11}.Release|x64.ActiveCfg = Release|x64
		{BB19C8F0-EE20-4FC0-A5CB-5FED8F0D2F11}.Release|x64.Build.0 = Release|x64
		{BB19C8F0-EE20-4FC0-A5CB-5FED8F0D2F11}.Release|x86.ActiveCfg = Release|Win32
		{BB19C8F0-EE20-4FC0-A5CB-5FED8F0D2F11}.Release|x86.Build.0 = Release|Win32
	EndGlobalSection
	GlobalSection(SolutionProperties) = preSolution
		HideSolutionNode = FALSE
	EndGlobalSection
	GlobalSection(ExtensibilityGlobals) = postSolution
		SolutionGuid = {DFEC11B3-5DB8-4482-BE87-995DD43C8EC4}
	EndGlobalSection
EndGlobal
